
Microsoft Visual Studio Solution File, Format Version 12.00
# Visual Studio Version 16
VisualStudioVersion = 16.0.31205.134
MinimumVisualStudioVersion = 10.0.40219.1
Project("{FAE04EC0-301F-11D3-BF4B-00C04F79EFBC}") = "WindowsFormsApp10", "WindowsFormsApp10.csproj", "{0FDB6CA4-521A-4995-8FFA-BCA5D71F381F}"
EndProject
Global
	GlobalSection(SolutionConfigurationPlatforms) = preSolution
		Debug|Any CPU = Debug|Any CPU
		Release|Any CPU = Release|Any CPU
	EndGlobalSection
	GlobalSection(ProjectConfigurationPlatforms) = postSolution
		{0FDB6CA4-521A-4995-8FFA-BCA5D71F381F}.Debug|Any CPU.ActiveCfg = Debug|Any CPU
		{0FDB6CA4-521A-4995-8FFA-BCA5D71F381F}.Debug|Any CPU.Build.0 = Debug|Any CPU
		{0FDB6CA4-521A-4995-8FFA-BCA5D71F381F}.Release|Any CPU.ActiveCfg = Release|Any CPU
		{0FDB6CA4-521A-4995-8FFA-BCA5D71F381F}.Release|Any CPU.Build.0 = Release|Any CPU
	EndGlobalSection
	GlobalSection(SolutionProperties) = preSolution
		HideSolutionNode = FALSE
	EndGlobalSection
	GlobalSection(ExtensibilityGlobals) = postSolution
		SolutionGuid = {63E9E430-8B08-44A1-8FC6-4FC7F1906922}
	EndGlobalSection
EndGlobal
