
Microsoft Visual Studio Solution File, Format Version 12.00
# Visual Studio Version 16
VisualStudioVersion = 16.0.31205.134
MinimumVisualStudioVersion = 10.0.40219.1
Project("{FAE04EC0-301F-11D3-BF4B-00C04F79EFBC}") = "WindowsFormsApp26", "WindowsFormsApp26.csproj", "{67D12DFA-FF1B-462D-AD6E-7B0BBA15CE6A}"
EndProject
Global
	GlobalSection(SolutionConfigurationPlatforms) = preSolution
		Debug|Any CPU = Debug|Any CPU
		Release|Any CPU = Release|Any CPU
	EndGlobalSection
	GlobalSection(ProjectConfigurationPlatforms) = postSolution
		{67D12DFA-FF1B-462D-AD6E-7B0BBA15CE6A}.Debug|Any CPU.ActiveCfg = Debug|Any CPU
		{67D12DFA-FF1B-462D-AD6E-7B0BBA15CE6A}.Debug|Any CPU.Build.0 = Debug|Any CPU
		{67D12DFA-FF1B-462D-AD6E-7B0BBA15CE6A}.Release|Any CPU.ActiveCfg = Release|Any CPU
		{67D12DFA-FF1B-462D-AD6E-7B0BBA15CE6A}.Release|Any CPU.Build.0 = Release|Any CPU
	EndGlobalSection
	GlobalSection(SolutionProperties) = preSolution
		HideSolutionNode = FALSE
	EndGlobalSection
	GlobalSection(ExtensibilityGlobals) = postSolution
		SolutionGuid = {4CC60653-4115-4B1E-9807-8CF6A5CF4C4B}
	EndGlobalSection
EndGlobal
