
Microsoft Visual Studio Solution File, Format Version 12.00
# Visual Studio Version 16
VisualStudioVersion = 16.0.31205.134
MinimumVisualStudioVersion = 10.0.40219.1
Project("{9A19103F-16F7-4668-BE54-9A1E7A4F7556}") = "Meky", "Meky.csproj", "{BA6D4A81-F593-4AC4-9C87-313A49C8A482}"
EndProject
Global
	GlobalSection(SolutionConfigurationPlatforms) = preSolution
		Debug|Any CPU = Debug|Any CPU
		Release|Any CPU = Release|Any CPU
	EndGlobalSection
	GlobalSection(ProjectConfigurationPlatforms) = postSolution
		{BA6D4A81-F593-4AC4-9C87-313A49C8A482}.Debug|Any CPU.ActiveCfg = Debug|Any CPU
		{BA6D4A81-F593-4AC4-9C87-313A49C8A482}.Debug|Any CPU.Build.0 = Debug|Any CPU
		{BA6D4A81-F593-4AC4-9C87-313A49C8A482}.Release|Any CPU.ActiveCfg = Release|Any CPU
		{BA6D4A81-F593-4AC4-9C87-313A49C8A482}.Release|Any CPU.Build.0 = Release|Any CPU
	EndGlobalSection
	GlobalSection(SolutionProperties) = preSolution
		HideSolutionNode = FALSE
	EndGlobalSection
	GlobalSection(ExtensibilityGlobals) = postSolution
		SolutionGuid = {91D92505-9D85-4BA9-937B-A7B1E1F617C2}
	EndGlobalSection
EndGlobal
