
Microsoft Visual Studio Solution File, Format Version 12.00
# Visual Studio Version 16
VisualStudioVersion = 16.0.31205.134
MinimumVisualStudioVersion = 10.0.40219.1
Project("{FAE04EC0-301F-11D3-BF4B-00C04F79EFBC}") = "WindowsFormsApp14", "WindowsFormsApp14.csproj", "{83F827D9-0C4A-4840-B35C-93AAA0DB4B54}"
EndProject
Global
	GlobalSection(SolutionConfigurationPlatforms) = preSolution
		Debug|Any CPU = Debug|Any CPU
		Release|Any CPU = Release|Any CPU
	EndGlobalSection
	GlobalSection(ProjectConfigurationPlatforms) = postSolution
		{83F827D9-0C4A-4840-B35C-93AAA0DB4B54}.Debug|Any CPU.ActiveCfg = Debug|Any CPU
		{83F827D9-0C4A-4840-B35C-93AAA0DB4B54}.Debug|Any CPU.Build.0 = Debug|Any CPU
		{83F827D9-0C4A-4840-B35C-93AAA0DB4B54}.Release|Any CPU.ActiveCfg = Release|Any CPU
		{83F827D9-0C4A-4840-B35C-93AAA0DB4B54}.Release|Any CPU.Build.0 = Release|Any CPU
	EndGlobalSection
	GlobalSection(SolutionProperties) = preSolution
		HideSolutionNode = FALSE
	EndGlobalSection
	GlobalSection(ExtensibilityGlobals) = postSolution
		SolutionGuid = {1C96C0DF-7CDA-42F2-AF8B-88AFF343A20A}
	EndGlobalSection
EndGlobal
