
Microsoft Visual Studio Solution File, Format Version 12.00
# Visual Studio Version 16
VisualStudioVersion = 16.0.31205.134
MinimumVisualStudioVersion = 10.0.40219.1
Project("{FAE04EC0-301F-11D3-BF4B-00C04F79EFBC}") = "WindowsFormsApp28", "WindowsFormsApp28.csproj", "{14F1562D-36B5-43EF-9357-8A4302DF2E60}"
EndProject
Global
	GlobalSection(SolutionConfigurationPlatforms) = preSolution
		Debug|Any CPU = Debug|Any CPU
		Release|Any CPU = Release|Any CPU
	EndGlobalSection
	GlobalSection(ProjectConfigurationPlatforms) = postSolution
		{14F1562D-36B5-43EF-9357-8A4302DF2E60}.Debug|Any CPU.ActiveCfg = Debug|Any CPU
		{14F1562D-36B5-43EF-9357-8A4302DF2E60}.Debug|Any CPU.Build.0 = Debug|Any CPU
		{14F1562D-36B5-43EF-9357-8A4302DF2E60}.Release|Any CPU.ActiveCfg = Release|Any CPU
		{14F1562D-36B5-43EF-9357-8A4302DF2E60}.Release|Any CPU.Build.0 = Release|Any CPU
	EndGlobalSection
	GlobalSection(SolutionProperties) = preSolution
		HideSolutionNode = FALSE
	EndGlobalSection
	GlobalSection(ExtensibilityGlobals) = postSolution
		SolutionGuid = {3D31BA31-FDA1-4EAC-9154-68E5EDFEF37C}
	EndGlobalSection
EndGlobal
