
Microsoft Visual Studio Solution File, Format Version 12.00
# Visual Studio Version 16
VisualStudioVersion = 16.0.31205.134
MinimumVisualStudioVersion = 10.0.40219.1
Project("{FAE04EC0-301F-11D3-BF4B-00C04F79EFBC}") = "WinFormsApp4", "WinFormsApp4.csproj", "{AE9CB81C-85F8-4348-BC46-8AFC5997761C}"
EndProject
Global
	GlobalSection(SolutionConfigurationPlatforms) = preSolution
		Debug|Any CPU = Debug|Any CPU
		Release|Any CPU = Release|Any CPU
	EndGlobalSection
	GlobalSection(ProjectConfigurationPlatforms) = postSolution
		{AE9CB81C-85F8-4348-BC46-8AFC5997761C}.Debug|Any CPU.ActiveCfg = Debug|Any CPU
		{AE9CB81C-85F8-4348-BC46-8AFC5997761C}.Debug|Any CPU.Build.0 = Debug|Any CPU
		{AE9CB81C-85F8-4348-BC46-8AFC5997761C}.Release|Any CPU.ActiveCfg = Release|Any CPU
		{AE9CB81C-85F8-4348-BC46-8AFC5997761C}.Release|Any CPU.Build.0 = Release|Any CPU
	EndGlobalSection
	GlobalSection(SolutionProperties) = preSolution
		HideSolutionNode = FALSE
	EndGlobalSection
	GlobalSection(ExtensibilityGlobals) = postSolution
		SolutionGuid = {FB6A0E58-E0E2-46ED-B8C9-C3677E98B181}
	EndGlobalSection
EndGlobal
